// !$*UTF8*$!
{
	archiveVersion = 1;
	classes = {
	};
	objectVersion = 50;
	objects = {

/* Begin PBXBuildFile section */
		EB6961382279CE6400994550 /* AppDelegate.swift in Sources */ = {isa = PBXBuildFile; fileRef = EB6961372279CE6400994550 /* AppDelegate.swift */; };
		EB69613D2279CE6400994550 /* Main.storyboard in Resources */ = {isa = PBXBuildFile; fileRef = EB69613B2279CE6400994550 /* Main.storyboard */; };
		EB69613F2279CE6400994550 /* Assets.xcassets in Resources */ = {isa = PBXBuildFile; fileRef = EB69613E2279CE6400994550 /* Assets.xcassets */; };
		EB6961422279CE6400994550 /* LaunchScreen.storyboard in Resources */ = {isa = PBXBuildFile; fileRef = EB6961402279CE6400994550 /* LaunchScreen.storyboard */; };
		EB69614A2279CF0A00994550 /* TasksController.swift in Sources */ = {isa = PBXBuildFile; fileRef = EB6961492279CF0A00994550 /* TasksController.swift */; };
		EB696150227A2E7800994550 /* Task.swift in Sources */ = {isa = PBXBuildFile; fileRef = EB69614F227A2E7800994550 /* Task.swift */; };
		EB696152227A2EBD00994550 /* TaskStore.swift in Sources */ = {isa = PBXBuildFile; fileRef = EB696151227A2EBD00994550 /* TaskStore.swift */; };
		EBCA91AE227AEDEE00430AD7 /* TasksUtility.swift in Sources */ = {isa = PBXBuildFile; fileRef = EBCA91AD227AEDEE00430AD7 /* TasksUtility.swift */; };
/* End PBXBuildFile section */

/* Begin PBXFileReference section */
		EB6961342279CE6400994550 /* Tasly.app */ = {isa = PBXFileReference; explicitFileType = wrapper.application; includeInIndex = 0; path = Tasly.app; sourceTree = BUILT_PRODUCTS_DIR; };
		EB6961372279CE6400994550 /* AppDelegate.swift */ = {isa = PBXFileReference; lastKnownFileType = sourcecode.swift; path = AppDelegate.swift; sourceTree = "<group>"; };
		EB69613C2279CE6400994550 /* Base */ = {isa = PBXFileReference; lastKnownFileType = file.storyboard; name = Base; path = Base.lproj/Main.storyboard; sourceTree = "<group>"; };
		EB69613E2279CE6400994550 /* Assets.xcassets */ = {isa = PBXFileReference; lastKnownFileType = folder.assetcatalog; path = Assets.xcassets; sourceTree = "<group>"; };
		EB6961412279CE6400994550 /* Base */ = {isa = PBXFileReference; lastKnownFileType = file.storyboard; name = Base; path = Base.lproj/LaunchScreen.storyboard; sourceTree = "<group>"; };
		EB6961432279CE6400994550 /* Info.plist */ = {isa = PBXFileReference; lastKnownFileType = text.plist.xml; path = Info.plist; sourceTree = "<group>"; };
		EB6961492279CF0A00994550 /* TasksController.swift */ = {isa = PBXFileReference; lastKnownFileType = sourcecode.swift; path = TasksController.swift; sourceTree = "<group>"; };
		EB69614F227A2E7800994550 /* Task.swift */ = {isa = PBXFileReference; lastKnownFileType = sourcecode.swift; path = Task.swift; sourceTree = "<group>"; };
		EB696151227A2EBD00994550 /* TaskStore.swift */ = {isa = PBXFileReference; lastKnownFileType = sourcecode.swift; path = TaskStore.swift; sourceTree = "<group>"; };
		EBCA91AD227AEDEE00430AD7 /* TasksUtility.swift */ = {isa = PBXFileReference; lastKnownFileType = sourcecode.swift; path = TasksUtility.swift; sourceTree = "<group>"; };
/* End PBXFileReference section */

/* Begin PBXFrameworksBuildPhase section */
		EB6961312279CE6400994550 /* Frameworks */ = {
			isa = PBXFrameworksBuildPhase;
			buildActionMask = 2147483647;
			files = (
			);
			runOnlyForDeploymentPostprocessing = 0;
		};
/* End PBXFrameworksBuildPhase section */

/* Begin PBXGroup section */
		EB69612B2279CE6300994550 = {
			isa = PBXGroup;
			children = (
				EB6961362279CE6400994550 /* Tasly */,
				EB6961352279CE6400994550 /* Products */,
			);
			sourceTree = "<group>";
		};
		EB6961352279CE6400994550 /* Products */ = {
			isa = PBXGroup;
			children = (
				EB6961342279CE6400994550 /* Tasly.app */,
			);
			name = Products;
			sourceTree = "<group>";
		};
		EB6961362279CE6400994550 /* Tasly */ = {
			isa = PBXGroup;
			children = (
				EB69613B2279CE6400994550 /* Main.storyboard */,
				EBCA91AC227A67D500430AD7 /* Models */,
				EBCA91AB227A67C900430AD7 /* Controllers */,
				EBCA91AA227A67C100430AD7 /* Helpers */,
				EBCA91A8227A679E00430AD7 /* System */,
			);
			path = Tasly;
			sourceTree = "<group>";
		};
		EBCA91A8227A679E00430AD7 /* System */ = {
			isa = PBXGroup;
			children = (
				EB6961402279CE6400994550 /* LaunchScreen.storyboard */,
				EB6961432279CE6400994550 /* Info.plist */,
				EB69613E2279CE6400994550 /* Assets.xcassets */,
				EB6961372279CE6400994550 /* AppDelegate.swift */,
			);
			path = System;
			sourceTree = "<group>";
		};
		EBCA91AA227A67C100430AD7 /* Helpers */ = {
			isa = PBXGroup;
			children = (
				EB696151227A2EBD00994550 /* TaskStore.swift */,
				EBCA91AD227AEDEE00430AD7 /* TasksUtility.swift */,
			);
			path = Helpers;
			sourceTree = "<group>";
		};
		EBCA91AB227A67C900430AD7 /* Controllers */ = {
			isa = PBXGroup;
			children = (
				EB6961492279CF0A00994550 /* TasksController.swift */,
			);
			path = Controllers;
			sourceTree = "<group>";
		};
		EBCA91AC227A67D500430AD7 /* Models */ = {
			isa = PBXGroup;
			children = (
				EB69614F227A2E7800994550 /* Task.swift */,
			);
			path = Models;
			sourceTree = "<group>";
		};
/* End PBXGroup section */

/* Begin PBXNativeTarget section */
		EB6961332279CE6400994550 /* Tasly */ = {
			isa = PBXNativeTarget;
			buildConfigurationList = EB6961462279CE6400994550 /* Build configuration list for PBXNativeTarget "Tasly" */;
			buildPhases = (
				EB6961302279CE6400994550 /* Sources */,
				EB6961312279CE6400994550 /* Frameworks */,
				EB6961322279CE6400994550 /* Resources */,
			);
			buildRules = (
			);
			dependencies = (
			);
			name = Tasly;
			productName = Tasly;
			productReference = EB6961342279CE6400994550 /* Tasly.app */;
			productType = "com.apple.product-type.application";
		};
/* End PBXNativeTarget section */

/* Begin PBXProject section */
		EB69612C2279CE6300994550 /* Project object */ = {
			isa = PBXProject;
			attributes = {
				LastSwiftUpdateCheck = 1020;
				LastUpgradeCheck = 1020;
				ORGANIZATIONNAME = vengerov;
				TargetAttributes = {
					EB6961332279CE6400994550 = {
						CreatedOnToolsVersion = 10.2;
					};
				};
			};
			buildConfigurationList = EB69612F2279CE6300994550 /* Build configuration list for PBXProject "Tasly" */;
			compatibilityVersion = "Xcode 9.3";
			developmentRegion = en;
			hasScannedForEncodings = 0;
			knownRegions = (
				en,
				Base,
			);
			mainGroup = EB69612B2279CE6300994550;
			productRefGroup = EB6961352279CE6400994550 /* Products */;
			projectDirPath = "";
			projectRoot = "";
			targets = (
				EB6961332279CE6400994550 /* Tasly */,
			);
		};
/* End PBXProject section */

/* Begin PBXResourcesBuildPhase section */
		EB6961322279CE6400994550 /* Resources */ = {
			isa = PBXResourcesBuildPhase;
			buildActionMask = 2147483647;
			files = (
				EB6961422279CE6400994550 /* LaunchScreen.storyboard in Resources */,
				EB69613F2279CE6400994550 /* Assets.xcassets in Resources */,
				EB69613D2279CE6400994550 /* Main.storyboard in Resources */,
			);
			runOnlyForDeploymentPostprocessing = 0;
		};
/* End PBXResourcesBuildPhase section */

/* Begin PBXSourcesBuildPhase section */
		EB6961302279CE6400994550 /* Sources */ = {
			isa = PBXSourcesBuildPhase;
			buildActionMask = 2147483647;
			files = (
				EB69614A2279CF0A00994550 /* TasksController.swift in Sources */,
				EB696150227A2E7800994550 /* Task.swift in Sources */,
				EB696152227A2EBD00994550 /* TaskStore.swift in Sources */,
				EBCA91AE227AEDEE00430AD7 /* TasksUtility.swift in Sources */,
				EB6961382279CE6400994550 /* AppDelegate.swift in Sources */,
			);
			runOnlyForDeploymentPostprocessing = 0;
		};
/* End PBXSourcesBuildPhase section */

/* Begin PBXVariantGroup section */
		EB69613B2279CE6400994550 /* Main.storyboard */ = {
			isa = PBXVariantGroup;
			children = (
				EB69613C2279CE6400994550 /* Base */,
			);
			name = Main.storyboard;
			sourceTree = "<group>";
		};
		EB6961402279CE6400994550 /* LaunchScreen.storyboard */ = {
			isa = PBXVariantGroup;
			children = (
				EB6961412279CE6400994550 /* Base */,
			);
			name = LaunchScreen.storyboard;
			sourceTree = "<group>";
		};
/* End PBXVariantGroup section */

/* Begin XCBuildConfiguration section */
		EB6961442279CE6400994550 /* Debug */ = {
			isa = XCBuildConfiguration;
			buildSettings = {
				ALWAYS_SEARCH_USER_PATHS = NO;
				CLANG_ANALYZER_NONNULL = YES;
				CLANG_ANALYZER_NUMBER_OBJECT_CONVERSION = YES_AGGRESSIVE;
				CLANG_CXX_LANGUAGE_STANDARD = "gnu++14";
				CLANG_CXX_LIBRARY = "libc++";
				CLANG_ENABLE_MODULES = YES;
				CLANG_ENABLE_OBJC_ARC = YES;
				CLANG_ENABLE_OBJC_WEAK = YES;
				CLANG_WARN_BLOCK_CAPTURE_AUTORELEASING = YES;
				CLANG_WARN_BOOL_CONVERSION = YES;
				CLANG_WARN_COMMA = YES;
				CLANG_WARN_CONSTANT_CONVERSION = YES;
				CLANG_WARN_DEPRECATED_OBJC_IMPLEMENTATIONS = YES;
				CLANG_WARN_DIRECT_OBJC_ISA_USAGE = YES_ERROR;
				CLANG_WARN_DOCUMENTATION_COMMENTS = YES;
				CLANG_WARN_EMPTY_BODY = YES;
				CLANG_WARN_ENUM_CONVERSION = YES;
				CLANG_WARN_INFINITE_RECURSION = YES;
				CLANG_WARN_INT_CONVERSION = YES;
				CLANG_WARN_NON_LITERAL_NULL_CONVERSION = YES;
				CLANG_WARN_OBJC_IMPLICIT_RETAIN_SELF = YES;
				CLANG_WARN_OBJC_LITERAL_CONVERSION = YES;
				CLANG_WARN_OBJC_ROOT_CLASS = YES_ERROR;
				CLANG_WARN_RANGE_LOOP_ANALYSIS = YES;
				CLANG_WARN_STRICT_PROTOTYPES = YES;
				CLANG_WARN_SUSPICIOUS_MOVE = YES;
				CLANG_WARN_UNGUARDED_AVAILABILITY = YES_AGGRESSIVE;
				CLANG_WARN_UNREACHABLE_CODE = YES;
				CLANG_WARN__DUPLICATE_METHOD_MATCH = YES;
				CODE_SIGN_IDENTITY = "iPhone Developer";
				COPY_PHASE_STRIP = NO;
				DEBUG_INFORMATION_FORMAT = dwarf;
				ENABLE_STRICT_OBJC_MSGSEND = YES;
				ENABLE_TESTABILITY = YES;
				GCC_C_LANGUAGE_STANDARD = gnu11;
				GCC_DYNAMIC_NO_PIC = NO;
				GCC_NO_COMMON_BLOCKS = YES;
				GCC_OPTIMIZATION_LEVEL = 0;
				GCC_PREPROCESSOR_DEFINITIONS = (
					"DEBUG=1",
					"$(inherited)",
				);
				GCC_WARN_64_TO_32_BIT_CONVERSION = YES;
				GCC_WARN_ABOUT_RETURN_TYPE = YES_ERROR;
				GCC_WARN_UNDECLARED_SELECTOR = YES;
				GCC_WARN_UNINITIALIZED_AUTOS = YES_AGGRESSIVE;
				GCC_WARN_UNUSED_FUNCTION = YES;
				GCC_WARN_UNUSED_VARIABLE = YES;
				IPHONEOS_DEPLOYMENT_TARGET = 12.2;
				MTL_ENABLE_DEBUG_INFO = INCLUDE_SOURCE;
				MTL_FAST_MATH = YES;
				ONLY_ACTIVE_ARCH = YES;
				SDKROOT = iphoneos;
				SWIFT_ACTIVE_COMPILATION_CONDITIONS = DEBUG;
				SWIFT_OPTIMIZATION_LEVEL = "-Onone";
			};
			name = Debug;
		};
		EB6961452279CE6400994550 /* Release */ = {
			isa = XCBuildConfiguration;
			buildSettings = {
				ALWAYS_SEARCH_USER_PATHS = NO;
				CLANG_ANALYZER_NONNULL = YES;
				CLANG_ANALYZER_NUMBER_OBJECT_CONVERSION = YES_AGGRESSIVE;
				CLANG_CXX_LANGUAGE_STANDARD = "gnu++14";
				CLANG_CXX_LIBRARY = "libc++";
				CLANG_ENABLE_MODULES = YES;
				CLANG_ENABLE_OBJC_ARC = YES;
				CLANG_ENABLE_OBJC_WEAK = YES;
				CLANG_WARN_BLOCK_CAPTURE_AUTORELEASING = YES;
				CLANG_WARN_BOOL_CONVERSION = YES;
				CLANG_WARN_COMMA = YES;
				CLANG_WARN_CONSTANT_CONVERSION = YES;
				CLANG_WARN_DEPRECATED_OBJC_IMPLEMENTATIONS = YES;
				CLANG_WARN_DIRECT_OBJC_ISA_USAGE = YES_ERROR;
				CLANG_WARN_DOCUMENTATION_COMMENTS = YES;
				CLANG_WARN_EMPTY_BODY = YES;
				CLANG_WARN_ENUM_CONVERSION = YES;
				CLANG_WARN_INFINITE_RECURSION = YES;
				CLANG_WARN_INT_CONVERSION = YES;
				CLANG_WARN_NON_LITERAL_NULL_CONVERSION = YES;
				CLANG_WARN_OBJC_IMPLICIT_RETAIN_SELF = YES;
				CLANG_WARN_OBJC_LITERAL_CONVERSION = YES;
				CLANG_WARN_OBJC_ROOT_CLASS = YES_ERROR;
				CLANG_WARN_RANGE_LOOP_ANALYSIS = YES;
				CLANG_WARN_STRICT_PROTOTYPES = YES;
				CLANG_WARN_SUSPICIOUS_MOVE = YES;
				CLANG_WARN_UNGUARDED_AVAILABILITY = YES_AGGRESSIVE;
				CLANG_WARN_UNREACHABLE_CODE = YES;
				CLANG_WARN__DUPLICATE_METHOD_MATCH = YES;
				CODE_SIGN_IDENTITY = "iPhone Developer";
				COPY_PHASE_STRIP = NO;
				DEBUG_INFORMATION_FORMAT = "dwarf-with-dsym";
				ENABLE_NS_ASSERTIONS = NO;
				ENABLE_STRICT_OBJC_MSGSEND = YES;
				GCC_C_LANGUAGE_STANDARD = gnu11;
				GCC_NO_COMMON_BLOCKS = YES;
				GCC_WARN_64_TO_32_BIT_CONVERSION = YES;
				GCC_WARN_ABOUT_RETURN_TYPE = YES_ERROR;
				GCC_WARN_UNDECLARED_SELECTOR = YES;
				GCC_WARN_UNINITIALIZED_AUTOS = YES_AGGRESSIVE;
				GCC_WARN_UNUSED_FUNCTION = YES;
				GCC_WARN_UNUSED_VARIABLE = YES;
				IPHONEOS_DEPLOYMENT_TARGET = 12.2;
				MTL_ENABLE_DEBUG_INFO = NO;
				MTL_FAST_MATH = YES;
				SDKROOT = iphoneos;
				SWIFT_COMPILATION_MODE = wholemodule;
				SWIFT_OPTIMIZATION_LEVEL = "-O";
				VALIDATE_PRODUCT = YES;
			};
			name = Release;
		};
		EB6961472279CE6400994550 /* Debug */ = {
			isa = XCBuildConfiguration;
			buildSettings = {
				ASSETCATALOG_COMPILER_APPICON_NAME = AppIcon;
				CODE_SIGN_STYLE = Automatic;
				INFOPLIST_FILE = "$(SRCROOT)/Tasly/System/Info.plist";
				LD_RUNPATH_SEARCH_PATHS = (
					"$(inherited)",
					"@executable_path/Frameworks",
				);
				PRODUCT_BUNDLE_IDENTIFIER = dmitrij.Tasly;
				PRODUCT_NAME = "$(TARGET_NAME)";
				SWIFT_VERSION = 5.0;
				TARGETED_DEVICE_FAMILY = "1,2";
			};
			name = Debug;
		};
		EB6961482279CE6400994550 /* Release */ = {
			isa = XCBuildConfiguration;
			buildSettings = {
				ASSETCATALOG_COMPILER_APPICON_NAME = AppIcon;
				CODE_SIGN_STYLE = Automatic;
				INFOPLIST_FILE = "$(SRCROOT)/Tasly/System/Info.plist";
				LD_RUNPATH_SEARCH_PATHS = (
					"$(inherited)",
					"@executable_path/Frameworks",
				);
				PRODUCT_BUNDLE_IDENTIFIER = dmitrij.Tasly;
				PRODUCT_NAME = "$(TARGET_NAME)";
				SWIFT_VERSION = 5.0;
				TARGETED_DEVICE_FAMILY = "1,2";
			};
			name = Release;
		};
/* End XCBuildConfiguration section */

/* Begin XCConfigurationList section */
		EB69612F2279CE6300994550 /* Build configuration list for PBXProject "Tasly" */ = {
			isa = XCConfigurationList;
			buildConfigurations = (
				EB6961442279CE6400994550 /* Debug */,
				EB6961452279CE6400994550 /* Release */,
			);
			defaultConfigurationIsVisible = 0;
			defaultConfigurationName = Release;
		};
		EB6961462279CE6400994550 /* Build configuration list for PBXNativeTarget "Tasly" */ = {
			isa = XCConfigurationList;
			buildConfigurations = (
				EB6961472279CE6400994550 /* Debug */,
				EB6961482279CE6400994550 /* Release */,
			);
			defaultConfigurationIsVisible = 0;
			defaultConfigurationName = Release;
		};
/* End XCConfigurationList section */
	};
	rootObject = EB69612C2279CE6300994550 /* Project object */;
}
